uuid: 44a1d036-4c84-4788-96af-febfcf5bb27b
langcode: en
status: true
dependencies:
  content:
    - 'block_content:basic:aa2ad334-504b-41df-bfef-fd00d32a9b7a'
  module:
    - block_content
    - block_date
  theme:
    - ive
id: dateblock
theme: ive
region: highlighted
weight: 0
provider: null
plugin: 'block_content:aa2ad334-504b-41df-bfef-fd00d32a9b7a'
settings:
  id: 'block_content:aa2ad334-504b-41df-bfef-fd00d32a9b7a'
  label: 'date block'
  provider: block_content
  label_display: '0'
  status: true
  info: ''
  view_mode: full
visibility:
  date_condition:
    id: date_condition
    '': ''
    negate: null
    'date debut': '2019-01-14'
    'date fin': '2019-01-14'
    context_mapping: {  }
    date_debut: '2019-01-02'
    date_fin: '2019-01-17'
